{
    "version": 3,
    "terraform_version": "0.11.3",
    "serial": 7,
    "lineage": "8bc09a8c-a5d2-4a93-8131-619e6f9fc109",
    "modules": [
        {
            "path": [
                "root"
            ],
            "outputs": {
                "db_instance_address": {
                    "sensitive": false,
                    "type": "string",
                    "value": "swingleft-fec-rds.cpbrqmx7upio.us-west-2.rds.amazonaws.com"
                },
                "db_instance_id": {
                    "sensitive": false,
                    "type": "string",
                    "value": "swingleft-fec-rds"
                },
                "subnet_group": {
                    "sensitive": false,
                    "type": "string",
                    "value": "swingleft_subnet_group"
                }
            },
            "resources": {
                "aws_db_instance.swingleft_default": {
                    "type": "aws_db_instance",
                    "depends_on": [
                        "aws_db_subnet_group.swingleft_default",
                        "aws_security_group.swingleft_default"
                    ],
                    "primary": {
                        "id": "swingleft-fec-rds",
                        "attributes": {
                            "address": "swingleft-fec-rds.cpbrqmx7upio.us-west-2.rds.amazonaws.com",
                            "allocated_storage": "10",
                            "arn": "arn:aws:rds:us-west-2:526449708163:db:swingleft-fec-rds",
                            "auto_minor_version_upgrade": "true",
                            "availability_zone": "us-west-2b",
                            "backup_retention_period": "0",
                            "backup_window": "11:27-11:57",
                            "ca_cert_identifier": "rds-ca-2015",
                            "copy_tags_to_snapshot": "false",
                            "db_subnet_group_name": "swingleft_subnet_group",
                            "endpoint": "swingleft-fec-rds.cpbrqmx7upio.us-west-2.rds.amazonaws.com:5432",
                            "engine": "postgres",
                            "engine_version": "9.6.6",
                            "hosted_zone_id": "Z1PVIF0B656C1W",
                            "iam_database_authentication_enabled": "false",
                            "id": "swingleft-fec-rds",
                            "identifier": "swingleft-fec-rds",
                            "instance_class": "db.t2.micro",
                            "iops": "0",
                            "kms_key_id": "",
                            "license_model": "postgresql-license",
                            "maintenance_window": "sat:12:12-sat:12:42",
                            "monitoring_interval": "0",
                            "multi_az": "false",
                            "name": "swingleftfec",
                            "option_group_name": "default:postgres-9-6",
                            "parameter_group_name": "default.postgres9.6",
                            "password": "swingleftfec",
                            "port": "5432",
                            "publicly_accessible": "true",
                            "replicas.#": "0",
                            "replicate_source_db": "",
                            "resource_id": "db-TPIOT4MEVWJMDM6QNQVKVM4GOE",
                            "security_group_names.#": "0",
                            "skip_final_snapshot": "true",
                            "status": "available",
                            "storage_encrypted": "false",
                            "storage_type": "standard",
                            "tags.%": "0",
                            "timezone": "",
                            "username": "swingleft",
                            "vpc_security_group_ids.#": "1",
                            "vpc_security_group_ids.2990119703": "sg-94534eeb"
                        },
                        "meta": {
                            "e2bfb730-ecaa-11e6-8f88-34363bc7c4c0": {
                                "create": 2400000000000,
                                "delete": 2400000000000,
                                "update": 4800000000000
                            }
                        },
                        "tainted": false
                    },
                    "deposed": [],
                    "provider": "provider.aws"
                },
                "aws_db_subnet_group.swingleft_default": {
                    "type": "aws_db_subnet_group",
                    "depends_on": [
                        "aws_subnet.subnet_2"
                    ],
                    "primary": {
                        "id": "swingleft_subnet_group",
                        "attributes": {
                            "arn": "arn:aws:rds:us-west-2:526449708163:subgrp:swingleft_subnet_group",
                            "description": "Subnet group for swingleft stuff",
                            "id": "swingleft_subnet_group",
                            "name": "swingleft_subnet_group",
                            "subnet_ids.#": "2",
                            "subnet_ids.1092415449": "subnet-0b2bed40",
                            "subnet_ids.1188033517": "subnet-5855d502",
                            "tags.%": "0"
                        },
                        "meta": {},
                        "tainted": false
                    },
                    "deposed": [],
                    "provider": "provider.aws"
                },
                "aws_security_group.swingleft_default": {
                    "type": "aws_security_group",
                    "depends_on": [],
                    "primary": {
                        "id": "sg-94534eeb",
                        "attributes": {
                            "description": "Allow all inbound traffic",
                            "egress.#": "1",
                            "egress.482069346.cidr_blocks.#": "1",
                            "egress.482069346.cidr_blocks.0": "0.0.0.0/0",
                            "egress.482069346.description": "",
                            "egress.482069346.from_port": "0",
                            "egress.482069346.ipv6_cidr_blocks.#": "0",
                            "egress.482069346.prefix_list_ids.#": "0",
                            "egress.482069346.protocol": "-1",
                            "egress.482069346.security_groups.#": "0",
                            "egress.482069346.self": "false",
                            "egress.482069346.to_port": "0",
                            "id": "sg-94534eeb",
                            "ingress.#": "1",
                            "ingress.3686011978.cidr_blocks.#": "1",
                            "ingress.3686011978.cidr_blocks.0": "76.102.127.36/32",
                            "ingress.3686011978.description": "",
                            "ingress.3686011978.from_port": "0",
                            "ingress.3686011978.ipv6_cidr_blocks.#": "0",
                            "ingress.3686011978.protocol": "TCP",
                            "ingress.3686011978.security_groups.#": "0",
                            "ingress.3686011978.self": "false",
                            "ingress.3686011978.to_port": "65535",
                            "name": "swingleft_rds_sg",
                            "owner_id": "526449708163",
                            "revoke_rules_on_delete": "false",
                            "tags.%": "1",
                            "tags.Name": "swingleft_rds",
                            "vpc_id": "vpc-8dab51e9"
                        },
                        "meta": {
                            "e2bfb730-ecaa-11e6-8f88-34363bc7c4c0": {
                                "create": 600000000000,
                                "delete": 600000000000
                            },
                            "schema_version": "1"
                        },
                        "tainted": false
                    },
                    "deposed": [],
                    "provider": "provider.aws"
                },
                "aws_subnet.subnet_1": {
                    "type": "aws_subnet",
                    "depends_on": [],
                    "primary": {
                        "id": "subnet-0b2bed40",
                        "attributes": {
                            "assign_ipv6_address_on_creation": "false",
                            "availability_zone": "us-west-2b",
                            "cidr_block": "172.31.64.0/27",
                            "id": "subnet-0b2bed40",
                            "map_public_ip_on_launch": "true",
                            "tags.%": "1",
                            "tags.Name": "swingleft_private_subnet",
                            "vpc_id": "vpc-8dab51e9"
                        },
                        "meta": {
                            "schema_version": "1"
                        },
                        "tainted": false
                    },
                    "deposed": [],
                    "provider": "provider.aws"
                },
                "aws_subnet.subnet_2": {
                    "type": "aws_subnet",
                    "depends_on": [],
                    "primary": {
                        "id": "subnet-5855d502",
                        "attributes": {
                            "assign_ipv6_address_on_creation": "false",
                            "availability_zone": "us-west-2c",
                            "cidr_block": "172.31.96.0/27",
                            "id": "subnet-5855d502",
                            "map_public_ip_on_launch": "true",
                            "tags.%": "1",
                            "tags.Name": "swingleft_public_subnet",
                            "vpc_id": "vpc-8dab51e9"
                        },
                        "meta": {
                            "schema_version": "1"
                        },
                        "tainted": false
                    },
                    "deposed": [],
                    "provider": "provider.aws"
                }
            },
            "depends_on": []
        }
    ]
}
